
Microsoft Visual Studio Solution File, Format Version 12.00
# Visual Studio Version 17
VisualStudioVersion = 17.0.32126.317
MinimumVisualStudioVersion = 10.0.40219.1
Project("{FAE04EC0-301F-11D3-BF4B-00C04F79EFBC}") = "CarService", "CarService.csproj", "{65BC5E7C-2059-4B87-BDF2-A7D7AD8060FB}"
EndProject
Global
	GlobalSection(SolutionConfigurationPlatforms) = preSolution
		Debug|Any CPU = Debug|Any CPU
		Release|Any CPU = Release|Any CPU
	EndGlobalSection
	GlobalSection(ProjectConfigurationPlatforms) = postSolution
		{65BC5E7C-2059-4B87-BDF2-A7D7AD8060FB}.Debug|Any CPU.ActiveCfg = Debug|Any CPU
		{65BC5E7C-2059-4B87-BDF2-A7D7AD8060FB}.Debug|Any CPU.Build.0 = Debug|Any CPU
		{65BC5E7C-2059-4B87-BDF2-A7D7AD8060FB}.Release|Any CPU.ActiveCfg = Release|Any CPU
		{65BC5E7C-2059-4B87-BDF2-A7D7AD8060FB}.Release|Any CPU.Build.0 = Release|Any CPU
	EndGlobalSection
	GlobalSection(SolutionProperties) = preSolution
		HideSolutionNode = FALSE
	EndGlobalSection
	GlobalSection(ExtensibilityGlobals) = postSolution
		SolutionGuid = {465B8F06-E43F-432F-94C6-D96ABCA7662A}
	EndGlobalSection
EndGlobal
